
Microsoft Visual Studio Solution File, Format Version 12.00
# Visual Studio Version 17
VisualStudioVersion = 17.6.33829.357
MinimumVisualStudioVersion = 10.0.40219.1
Project("{9A19103F-16F7-4668-BE54-9A1E7A4F7556}") = "ReceitasDaAvoGenerator", "ReceitasDaAvoGenerator\ReceitasDaAvoGenerator.csproj", "{22C9026C-5C07-42DD-89EB-FBECC47FEEA5}"
EndProject
Project("{FAE04EC0-301F-11D3-BF4B-00C04F79EFBC}") = "ReceitasDaAvo.Domain", "ReceitasDaAvo.Domain\ReceitasDaAvo.Domain.csproj", "{78801A68-6E51-46DA-93B0-85637A1095A4}"
EndProject
Global
	GlobalSection(SolutionConfigurationPlatforms) = preSolution
		Debug|Any CPU = Debug|Any CPU
		Release|Any CPU = Release|Any CPU
	EndGlobalSection
	GlobalSection(ProjectConfigurationPlatforms) = postSolution
		{22C9026C-5C07-42DD-89EB-FBECC47FEEA5}.Debug|Any CPU.ActiveCfg = Debug|Any CPU
		{22C9026C-5C07-42DD-89EB-FBECC47FEEA5}.Debug|Any CPU.Build.0 = Debug|Any CPU
		{22C9026C-5C07-42DD-89EB-FBECC47FEEA5}.Release|Any CPU.ActiveCfg = Release|Any CPU
		{22C9026C-5C07-42DD-89EB-FBECC47FEEA5}.Release|Any CPU.Build.0 = Release|Any CPU
		{78801A68-6E51-46DA-93B0-85637A1095A4}.Debug|Any CPU.ActiveCfg = Debug|Any CPU
		{78801A68-6E51-46DA-93B0-85637A1095A4}.Debug|Any CPU.Build.0 = Debug|Any CPU
		{78801A68-6E51-46DA-93B0-85637A1095A4}.Release|Any CPU.ActiveCfg = Release|Any CPU
		{78801A68-6E51-46DA-93B0-85637A1095A4}.Release|Any CPU.Build.0 = Release|Any CPU
	EndGlobalSection
	GlobalSection(SolutionProperties) = preSolution
		HideSolutionNode = FALSE
	EndGlobalSection
	GlobalSection(ExtensibilityGlobals) = postSolution
		SolutionGuid = {C7596967-DBE9-4388-A30A-7959B9B9AEFE}
	EndGlobalSection
EndGlobal
